
Microsoft Visual Studio Solution File, Format Version 12.00
# Visual Studio 15
Project("{FAE04EC0-301F-11D3-BF4B-00C04F79EFBC}") = "KartGame", "KartGame.csproj", "{3D10B6A3-4218-988B-CB05-637D46B03517}"
EndProject
Project("{FAE04EC0-301F-11D3-BF4B-00C04F79EFBC}") = "Assembly-CSharp", "Assembly-CSharp.csproj", "{3CBF1B7F-E122-0ABE-AE38-44601881107D}"
EndProject
Project("{FAE04EC0-301F-11D3-BF4B-00C04F79EFBC}") = "Unity.Microgame.Tutorials", "Unity.Microgame.Tutorials.csproj", "{31F71194-8AC1-0B70-0D01-AF1ABAB6C6AB}"
EndProject
Project("{FAE04EC0-301F-11D3-BF4B-00C04F79EFBC}") = "KartGame.AI.Editor", "KartGame.AI.Editor.csproj", "{B2ABF0D0-0913-5FA9-D1A8-0A1202688CF4}"
EndProject
Project("{FAE04EC0-301F-11D3-BF4B-00C04F79EFBC}") = "KartGame.Editor", "KartGame.Editor.csproj", "{03E4E48E-6CAC-A775-4DA2-AE598AF14595}"
EndProject
Project("{FAE04EC0-301F-11D3-BF4B-00C04F79EFBC}") = "KartGame.AI", "KartGame.AI.csproj", "{149E2AE0-CF23-B895-880B-9B3FF79F1AEC}"
EndProject
Project("{FAE04EC0-301F-11D3-BF4B-00C04F79EFBC}") = "Unity.Karting.Tutorials", "Unity.Karting.Tutorials.csproj", "{4C0C3F82-9A83-39E1-6D37-F2FA37938D91}"
EndProject
Global
	GlobalSection(SolutionConfigurationPlatforms) = preSolution
		Debug|Any CPU = Debug|Any CPU
		Release|Any CPU = Release|Any CPU
	EndGlobalSection
	GlobalSection(ProjectConfigurationPlatforms) = postSolution
		{3D10B6A3-4218-988B-CB05-637D46B03517}.Debug|Any CPU.ActiveCfg = Debug|Any CPU
		{3D10B6A3-4218-988B-CB05-637D46B03517}.Debug|Any CPU.Build.0 = Debug|Any CPU
		{3D10B6A3-4218-988B-CB05-637D46B03517}.Release|Any CPU.ActiveCfg = Release|Any CPU
		{3D10B6A3-4218-988B-CB05-637D46B03517}.Release|Any CPU.Build.0 = Release|Any CPU
		{3CBF1B7F-E122-0ABE-AE38-44601881107D}.Debug|Any CPU.ActiveCfg = Debug|Any CPU
		{3CBF1B7F-E122-0ABE-AE38-44601881107D}.Debug|Any CPU.Build.0 = Debug|Any CPU
		{3CBF1B7F-E122-0ABE-AE38-44601881107D}.Release|Any CPU.ActiveCfg = Release|Any CPU
		{3CBF1B7F-E122-0ABE-AE38-44601881107D}.Release|Any CPU.Build.0 = Release|Any CPU
		{31F71194-8AC1-0B70-0D01-AF1ABAB6C6AB}.Debug|Any CPU.ActiveCfg = Debug|Any CPU
		{31F71194-8AC1-0B70-0D01-AF1ABAB6C6AB}.Debug|Any CPU.Build.0 = Debug|Any CPU
		{31F71194-8AC1-0B70-0D01-AF1ABAB6C6AB}.Release|Any CPU.ActiveCfg = Release|Any CPU
		{31F71194-8AC1-0B70-0D01-AF1ABAB6C6AB}.Release|Any CPU.Build.0 = Release|Any CPU
		{B2ABF0D0-0913-5FA9-D1A8-0A1202688CF4}.Debug|Any CPU.ActiveCfg = Debug|Any CPU
		{B2ABF0D0-0913-5FA9-D1A8-0A1202688CF4}.Debug|Any CPU.Build.0 = Debug|Any CPU
		{B2ABF0D0-0913-5FA9-D1A8-0A1202688CF4}.Release|Any CPU.ActiveCfg = Release|Any CPU
		{B2ABF0D0-0913-5FA9-D1A8-0A1202688CF4}.Release|Any CPU.Build.0 = Release|Any CPU
		{03E4E48E-6CAC-A775-4DA2-AE598AF14595}.Debug|Any CPU.ActiveCfg = Debug|Any CPU
		{03E4E48E-6CAC-A775-4DA2-AE598AF14595}.Debug|Any CPU.Build.0 = Debug|Any CPU
		{03E4E48E-6CAC-A775-4DA2-AE598AF14595}.Release|Any CPU.ActiveCfg = Release|Any CPU
		{03E4E48E-6CAC-A775-4DA2-AE598AF14595}.Release|Any CPU.Build.0 = Release|Any CPU
		{149E2AE0-CF23-B895-880B-9B3FF79F1AEC}.Debug|Any CPU.ActiveCfg = Debug|Any CPU
		{149E2AE0-CF23-B895-880B-9B3FF79F1AEC}.Debug|Any CPU.Build.0 = Debug|Any CPU
		{149E2AE0-CF23-B895-880B-9B3FF79F1AEC}.Release|Any CPU.ActiveCfg = Release|Any CPU
		{149E2AE0-CF23-B895-880B-9B3FF79F1AEC}.Release|Any CPU.Build.0 = Release|Any CPU
		{4C0C3F82-9A83-39E1-6D37-F2FA37938D91}.Debug|Any CPU.ActiveCfg = Debug|Any CPU
		{4C0C3F82-9A83-39E1-6D37-F2FA37938D91}.Debug|Any CPU.Build.0 = Debug|Any CPU
		{4C0C3F82-9A83-39E1-6D37-F2FA37938D91}.Release|Any CPU.ActiveCfg = Release|Any CPU
		{4C0C3F82-9A83-39E1-6D37-F2FA37938D91}.Release|Any CPU.Build.0 = Release|Any CPU
	EndGlobalSection
	GlobalSection(SolutionProperties) = preSolution
		HideSolutionNode = FALSE
	EndGlobalSection
EndGlobal
