
Microsoft Visual Studio Solution File, Format Version 12.00
# Visual Studio 15
Project("{FAE04EC0-301F-11D3-BF4B-00C04F79EFBC}") = "KartGame", "KartGame.csproj", "{48FC39C9-281D-42A4-E26B-FD00DB4DE3EA}"
EndProject
Project("{FAE04EC0-301F-11D3-BF4B-00C04F79EFBC}") = "Assembly-CSharp", "Assembly-CSharp.csproj", "{4F9212E2-498F-3E17-88EB-5F55920B82A0}"
EndProject
Project("{FAE04EC0-301F-11D3-BF4B-00C04F79EFBC}") = "Unity.Microgame.Tutorials", "Unity.Microgame.Tutorials.csproj", "{824C318A-D1D0-33FB-7F8D-EB19D562D45C}"
EndProject
Project("{FAE04EC0-301F-11D3-BF4B-00C04F79EFBC}") = "KartGame.AI.Editor", "KartGame.AI.Editor.csproj", "{8AA7D4F5-0A5E-96D2-8F34-6D385BDC5B82}"
EndProject
Project("{FAE04EC0-301F-11D3-BF4B-00C04F79EFBC}") = "KartGame.Editor", "KartGame.Editor.csproj", "{D1CD58D7-1D38-933A-A018-3BBCBB034333}"
EndProject
Project("{FAE04EC0-301F-11D3-BF4B-00C04F79EFBC}") = "KartGame.AI", "KartGame.AI.csproj", "{6C1EF022-862A-735A-B86A-45C586C156D9}"
EndProject
Project("{FAE04EC0-301F-11D3-BF4B-00C04F79EFBC}") = "Unity.Karting.Tutorials", "Unity.Karting.Tutorials.csproj", "{0723258C-6C10-0066-F667-A1D4FD2B1ED0}"
EndProject
Global
	GlobalSection(SolutionConfigurationPlatforms) = preSolution
		Debug|Any CPU = Debug|Any CPU
		Release|Any CPU = Release|Any CPU
	EndGlobalSection
	GlobalSection(ProjectConfigurationPlatforms) = postSolution
		{48FC39C9-281D-42A4-E26B-FD00DB4DE3EA}.Debug|Any CPU.ActiveCfg = Debug|Any CPU
		{48FC39C9-281D-42A4-E26B-FD00DB4DE3EA}.Debug|Any CPU.Build.0 = Debug|Any CPU
		{48FC39C9-281D-42A4-E26B-FD00DB4DE3EA}.Release|Any CPU.ActiveCfg = Release|Any CPU
		{48FC39C9-281D-42A4-E26B-FD00DB4DE3EA}.Release|Any CPU.Build.0 = Release|Any CPU
		{4F9212E2-498F-3E17-88EB-5F55920B82A0}.Debug|Any CPU.ActiveCfg = Debug|Any CPU
		{4F9212E2-498F-3E17-88EB-5F55920B82A0}.Debug|Any CPU.Build.0 = Debug|Any CPU
		{4F9212E2-498F-3E17-88EB-5F55920B82A0}.Release|Any CPU.ActiveCfg = Release|Any CPU
		{4F9212E2-498F-3E17-88EB-5F55920B82A0}.Release|Any CPU.Build.0 = Release|Any CPU
		{824C318A-D1D0-33FB-7F8D-EB19D562D45C}.Debug|Any CPU.ActiveCfg = Debug|Any CPU
		{824C318A-D1D0-33FB-7F8D-EB19D562D45C}.Debug|Any CPU.Build.0 = Debug|Any CPU
		{824C318A-D1D0-33FB-7F8D-EB19D562D45C}.Release|Any CPU.ActiveCfg = Release|Any CPU
		{824C318A-D1D0-33FB-7F8D-EB19D562D45C}.Release|Any CPU.Build.0 = Release|Any CPU
		{8AA7D4F5-0A5E-96D2-8F34-6D385BDC5B82}.Debug|Any CPU.ActiveCfg = Debug|Any CPU
		{8AA7D4F5-0A5E-96D2-8F34-6D385BDC5B82}.Debug|Any CPU.Build.0 = Debug|Any CPU
		{8AA7D4F5-0A5E-96D2-8F34-6D385BDC5B82}.Release|Any CPU.ActiveCfg = Release|Any CPU
		{8AA7D4F5-0A5E-96D2-8F34-6D385BDC5B82}.Release|Any CPU.Build.0 = Release|Any CPU
		{D1CD58D7-1D38-933A-A018-3BBCBB034333}.Debug|Any CPU.ActiveCfg = Debug|Any CPU
		{D1CD58D7-1D38-933A-A018-3BBCBB034333}.Debug|Any CPU.Build.0 = Debug|Any CPU
		{D1CD58D7-1D38-933A-A018-3BBCBB034333}.Release|Any CPU.ActiveCfg = Release|Any CPU
		{D1CD58D7-1D38-933A-A018-3BBCBB034333}.Release|Any CPU.Build.0 = Release|Any CPU
		{6C1EF022-862A-735A-B86A-45C586C156D9}.Debug|Any CPU.ActiveCfg = Debug|Any CPU
		{6C1EF022-862A-735A-B86A-45C586C156D9}.Debug|Any CPU.Build.0 = Debug|Any CPU
		{6C1EF022-862A-735A-B86A-45C586C156D9}.Release|Any CPU.ActiveCfg = Release|Any CPU
		{6C1EF022-862A-735A-B86A-45C586C156D9}.Release|Any CPU.Build.0 = Release|Any CPU
		{0723258C-6C10-0066-F667-A1D4FD2B1ED0}.Debug|Any CPU.ActiveCfg = Debug|Any CPU
		{0723258C-6C10-0066-F667-A1D4FD2B1ED0}.Debug|Any CPU.Build.0 = Debug|Any CPU
		{0723258C-6C10-0066-F667-A1D4FD2B1ED0}.Release|Any CPU.ActiveCfg = Release|Any CPU
		{0723258C-6C10-0066-F667-A1D4FD2B1ED0}.Release|Any CPU.Build.0 = Release|Any CPU
	EndGlobalSection
	GlobalSection(SolutionProperties) = preSolution
		HideSolutionNode = FALSE
	EndGlobalSection
EndGlobal
